
Microsoft Visual Studio Solution File, Format Version 12.00
# Visual Studio 2012
Project("{FAE04EC0-301F-11D3-BF4B-00C04F79EFBC}") = "Part_1", "Part_1\Part_1.csproj", "{E74D6922-044B-4632-85CB-6308D9E9D7BF}"
EndProject
Project("{FAE04EC0-301F-11D3-BF4B-00C04F79EFBC}") = "Part_2", "Part_2\Part_2.csproj", "{33DA001B-DCCA-4E1E-A1D6-326530ED885E}"
EndProject
Project("{FAE04EC0-301F-11D3-BF4B-00C04F79EFBC}") = "Part_3", "Part_3\Part_3.csproj", "{8E271138-E003-45EB-B453-F4E7A9DF3F26}"
EndProject
Project("{FAE04EC0-301F-11D3-BF4B-00C04F79EFBC}") = "Part_4-6", "Part_4\Part_4-6.csproj", "{95F14F1B-002A-43A6-B3DC-5D488A2031C9}"
EndProject
Global
	GlobalSection(SolutionConfigurationPlatforms) = preSolution
		Debug|Any CPU = Debug|Any CPU
		Release|Any CPU = Release|Any CPU
	EndGlobalSection
	GlobalSection(ProjectConfigurationPlatforms) = postSolution
		{E74D6922-044B-4632-85CB-6308D9E9D7BF}.Debug|Any CPU.ActiveCfg = Debug|Any CPU
		{E74D6922-044B-4632-85CB-6308D9E9D7BF}.Debug|Any CPU.Build.0 = Debug|Any CPU
		{E74D6922-044B-4632-85CB-6308D9E9D7BF}.Release|Any CPU.ActiveCfg = Release|Any CPU
		{E74D6922-044B-4632-85CB-6308D9E9D7BF}.Release|Any CPU.Build.0 = Release|Any CPU
		{33DA001B-DCCA-4E1E-A1D6-326530ED885E}.Debug|Any CPU.ActiveCfg = Debug|Any CPU
		{33DA001B-DCCA-4E1E-A1D6-326530ED885E}.Debug|Any CPU.Build.0 = Debug|Any CPU
		{33DA001B-DCCA-4E1E-A1D6-326530ED885E}.Release|Any CPU.ActiveCfg = Release|Any CPU
		{33DA001B-DCCA-4E1E-A1D6-326530ED885E}.Release|Any CPU.Build.0 = Release|Any CPU
		{8E271138-E003-45EB-B453-F4E7A9DF3F26}.Debug|Any CPU.ActiveCfg = Debug|Any CPU
		{8E271138-E003-45EB-B453-F4E7A9DF3F26}.Debug|Any CPU.Build.0 = Debug|Any CPU
		{8E271138-E003-45EB-B453-F4E7A9DF3F26}.Release|Any CPU.ActiveCfg = Release|Any CPU
		{8E271138-E003-45EB-B453-F4E7A9DF3F26}.Release|Any CPU.Build.0 = Release|Any CPU
		{95F14F1B-002A-43A6-B3DC-5D488A2031C9}.Debug|Any CPU.ActiveCfg = Debug|Any CPU
		{95F14F1B-002A-43A6-B3DC-5D488A2031C9}.Debug|Any CPU.Build.0 = Debug|Any CPU
		{95F14F1B-002A-43A6-B3DC-5D488A2031C9}.Release|Any CPU.ActiveCfg = Release|Any CPU
		{95F14F1B-002A-43A6-B3DC-5D488A2031C9}.Release|Any CPU.Build.0 = Release|Any CPU
	EndGlobalSection
	GlobalSection(SolutionProperties) = preSolution
		HideSolutionNode = FALSE
	EndGlobalSection
EndGlobal
