
Microsoft Visual Studio Solution File, Format Version 12.00
# Visual Studio 2012
Project("{FAE04EC0-301F-11D3-BF4B-00C04F79EFBC}") = "Baby_Names_Ex4-WPF", "Baby_Names_Ex4-WPF\Baby_Names_Ex4-WPF.csproj", "{89B91F96-EC69-440D-9150-1B6A112EDFC3}"
EndProject
Global
	GlobalSection(SolutionConfigurationPlatforms) = preSolution
		Debug|Any CPU = Debug|Any CPU
		Release|Any CPU = Release|Any CPU
	EndGlobalSection
	GlobalSection(ProjectConfigurationPlatforms) = postSolution
		{89B91F96-EC69-440D-9150-1B6A112EDFC3}.Debug|Any CPU.ActiveCfg = Debug|Any CPU
		{89B91F96-EC69-440D-9150-1B6A112EDFC3}.Debug|Any CPU.Build.0 = Debug|Any CPU
		{89B91F96-EC69-440D-9150-1B6A112EDFC3}.Release|Any CPU.ActiveCfg = Release|Any CPU
		{89B91F96-EC69-440D-9150-1B6A112EDFC3}.Release|Any CPU.Build.0 = Release|Any CPU
	EndGlobalSection
	GlobalSection(SolutionProperties) = preSolution
		HideSolutionNode = FALSE
	EndGlobalSection
EndGlobal
